<?xml version="1.0" encoding="utf-8"?>
<Project ToolsVersion="4.0" xmlns="http://schemas.microsoft.com/developer/msbuild/2003">
  <ItemGroup>
    <Filter Include="源文件">
      <UniqueIdentifier>{4FC737F1-C7A5-4376-A066-2A32D752A2FF}</UniqueIdentifier>
      <Extensions>cpp;c;cc;cxx;def;odl;idl;hpj;bat;asm;asmx</Extensions>
    </Filter>
    <Filter Include="头文件">
      <UniqueIdentifier>{93995380-89BD-4b04-88EB-625FBE52EBFB}</UniqueIdentifier>
      <Extensions>h;hh;hpp;hxx;hm;inl;inc;ipp;xsd</Extensions>
    </Filter>
    <Filter Include="资源文件">
      <UniqueIdentifier>{67DA6AB6-F800-4c08-8B7A-83BB121AAD01}</UniqueIdentifier>
      <Extensions>rc;ico;cur;bmp;dlg;rc2;rct;bin;rgs;gif;jpg;jpeg;jpe;resx;tiff;tif;png;wav;mfcribbon-ms</Extensions>
    </Filter>
  </ItemGroup>
  <ItemGroup>
    <ClInclude Include="stdafx.h">
      <Filter>头文件</Filter>
    </ClInclude>
    <ClInclude Include="targetver.h">
      <Filter>头文件</Filter>
    </ClInclude>
    <ClInclude Include="E3DHead.h">
      <Filter>头文件</Filter>
    </ClInclude>
    <ClInclude Include="ECommon.h">
      <Filter>头文件</Filter>
    </ClInclude>
    <ClInclude Include="EMatrix.h">
      <Filter>头文件</Filter>
    </ClInclude>
    <ClInclude Include="EUtil.h">
      <Filter>头文件</Filter>
    </ClInclude>
    <ClInclude Include="EVector.h">
      <Filter>头文件</Filter>
    </ClInclude>
    <ClInclude Include="EMath.h">
      <Filter>头文件</Filter>
    </ClInclude>
    <ClInclude Include="ELight.h">
      <Filter>头文件</Filter>
    </ClInclude>
    <ClInclude Include="EFrustum.h">
      <Filter>头文件</Filter>
    </ClInclude>
    <ClInclude Include="EGraphics.h">
      <Filter>头文件</Filter>
    </ClInclude>
    <ClInclude Include="EMaterial.h">
      <Filter>头文件</Filter>
    </ClInclude>
  </ItemGroup>
  <ItemGroup>
    <ClCompile Include="stdafx.cpp">
      <Filter>源文件</Filter>
    </ClCompile>
    <ClCompile Include="EMatrix.cpp">
      <Filter>源文件</Filter>
    </ClCompile>
    <ClCompile Include="EUtil.cpp">
      <Filter>源文件</Filter>
    </ClCompile>
    <ClCompile Include="ELight.cpp">
      <Filter>源文件</Filter>
    </ClCompile>
    <ClCompile Include="EFrustum.cpp">
      <Filter>源文件</Filter>
    </ClCompile>
    <ClCompile Include="EMath.cpp">
      <Filter>源文件</Filter>
    </ClCompile>
    <ClCompile Include="EGraphics.cpp">
      <Filter>源文件</Filter>
    </ClCompile>
    <ClCompile Include="EMaterial.cpp">
      <Filter>源文件</Filter>
    </ClCompile>
  </ItemGroup>
</Project>